# THIS IS AN AUTOGENERATED FILE. DO NOT EDIT THIS FILE DIRECTLY.
# yarn lockfile v1


"@mdi/js@^3.6.95":
  version "3.6.95"
  resolved "https://registry.yarnpkg.com/@mdi/js/-/js-3.6.95.tgz#0a1e599680d241a2e77635c601fba25a44a635a0"
  integrity sha512-9ICUom79Gw28Q8Cp6CX0VBd/Zy7NtIZrNolqIoYoKeuQmROhJ+1U54cxTuaGYHx+z62FIdx98IL3buMFAKwA/A==

"@mdi/react@^1.1.0":
  version "1.1.0"
  resolved "https://registry.yarnpkg.com/@mdi/react/-/react-1.1.0.tgz#22b014e40152adbe0d7d36631fc9979854603c7a"
  integrity sha512-c0+avMYEZ6i7Pg1ULLFs+p7k8bDPiie9rrgGYs8VWQhw2tUUYz7r0lIPVzD3bzMghWfyhfkArj88K5Of0WTMNw==
